annotated-types==0.8.0
anyio==4.15.1
attrs==26.1.0
certifi==2026.7.22
dirhash==0.5.0
filelock==4.0.1
h11==0.16.0
httpcore==1.0.9
httpx==0.28.1
idna==3.20
Jinja2==3.1.6
jsonschema==4.26.0
jsonschema-specifications==2025.9.1
markdown-it-py==4.2.0
MarkupSafe==3.0.3
mdurl==0.1.2
packaging==26.3
pathspec==1.1.1
platformdirs==4.11.12
pydantic==2.13.5
pydantic_core==2.46.5
Pygments==2.21.0
python-dotenv==1.2.3
PyYAML==6.0.3
referencing==0.37.0
rich==15.0.0
rpds-py==2026.6.3
scantree==0.0.4
shortuuid==1.0.13
tenacity==9.1.4
toml==0.10.2
typing-inspection==0.4.4
typing_extensions==4.16.0
